
Microsoft Visual Studio Solution File, Format Version 12.00
# Visual Studio Version 17
VisualStudioVersion = 17.0.31919.166
MinimumVisualStudioVersion = 10.0.40219.1
Project("{FAE04EC0-301F-11D3-BF4B-00C04F79EFBC}") = "prak3AspMVC", "prak3AspMVC.csproj", "{51160B88-C734-4C85-AE9A-2079B9020781}"
EndProject
Global
	GlobalSection(SolutionConfigurationPlatforms) = preSolution
		Debug|Any CPU = Debug|Any CPU
		Release|Any CPU = Release|Any CPU
	EndGlobalSection
	GlobalSection(ProjectConfigurationPlatforms) = postSolution
		{51160B88-C734-4C85-AE9A-2079B9020781}.Debug|Any CPU.ActiveCfg = Debug|Any CPU
		{51160B88-C734-4C85-AE9A-2079B9020781}.Debug|Any CPU.Build.0 = Debug|Any CPU
		{51160B88-C734-4C85-AE9A-2079B9020781}.Release|Any CPU.ActiveCfg = Release|Any CPU
		{51160B88-C734-4C85-AE9A-2079B9020781}.Release|Any CPU.Build.0 = Release|Any CPU
	EndGlobalSection
	GlobalSection(SolutionProperties) = preSolution
		HideSolutionNode = FALSE
	EndGlobalSection
	GlobalSection(ExtensibilityGlobals) = postSolution
		SolutionGuid = {26676BA8-C7D8-4707-88F9-26D17EEE977C}
	EndGlobalSection
EndGlobal
