
Microsoft Visual Studio Solution File, Format Version 12.00
# Visual Studio Version 17
VisualStudioVersion = 17.1.32414.318
MinimumVisualStudioVersion = 10.0.40219.1
Project("{FAE04EC0-301F-11D3-BF4B-00C04F79EFBC}") = "prak7MVC", "prak7MVC.csproj", "{12D9BA71-4AC4-4559-ACB6-44A959F3CAC5}"
EndProject
Global
	GlobalSection(SolutionConfigurationPlatforms) = preSolution
		Debug|Any CPU = Debug|Any CPU
		Release|Any CPU = Release|Any CPU
	EndGlobalSection
	GlobalSection(ProjectConfigurationPlatforms) = postSolution
		{12D9BA71-4AC4-4559-ACB6-44A959F3CAC5}.Debug|Any CPU.ActiveCfg = Debug|Any CPU
		{12D9BA71-4AC4-4559-ACB6-44A959F3CAC5}.Debug|Any CPU.Build.0 = Debug|Any CPU
		{12D9BA71-4AC4-4559-ACB6-44A959F3CAC5}.Release|Any CPU.ActiveCfg = Release|Any CPU
		{12D9BA71-4AC4-4559-ACB6-44A959F3CAC5}.Release|Any CPU.Build.0 = Release|Any CPU
	EndGlobalSection
	GlobalSection(SolutionProperties) = preSolution
		HideSolutionNode = FALSE
	EndGlobalSection
	GlobalSection(ExtensibilityGlobals) = postSolution
		SolutionGuid = {C69B7E12-3C08-4511-B91E-57C9B56CEF36}
	EndGlobalSection
EndGlobal
